
Microsoft Visual Studio Solution File, Format Version 12.00
# Visual Studio Version 17
VisualStudioVersion = 17.8.34330.188
MinimumVisualStudioVersion = 10.0.40219.1
Project("{9A19103F-16F7-4668-BE54-9A1E7A4F7556}") = "RegistrationSystem", "RegistrationSystem.csproj", "{22FA5A00-09D1-47E9-AB7C-5AD3F6BB2E9D}"
EndProject
Global
	GlobalSection(SolutionConfigurationPlatforms) = preSolution
		Debug|Any CPU = Debug|Any CPU
		Release|Any CPU = Release|Any CPU
	EndGlobalSection
	GlobalSection(ProjectConfigurationPlatforms) = postSolution
		{22FA5A00-09D1-47E9-AB7C-5AD3F6BB2E9D}.Debug|Any CPU.ActiveCfg = Debug|Any CPU
		{22FA5A00-09D1-47E9-AB7C-5AD3F6BB2E9D}.Debug|Any CPU.Build.0 = Debug|Any CPU
		{22FA5A00-09D1-47E9-AB7C-5AD3F6BB2E9D}.Release|Any CPU.ActiveCfg = Release|Any CPU
		{22FA5A00-09D1-47E9-AB7C-5AD3F6BB2E9D}.Release|Any CPU.Build.0 = Release|Any CPU
	EndGlobalSection
	GlobalSection(SolutionProperties) = preSolution
		HideSolutionNode = FALSE
	EndGlobalSection
	GlobalSection(ExtensibilityGlobals) = postSolution
		SolutionGuid = {3F81EE8A-AA24-43DD-9EA0-003587C85952}
	EndGlobalSection
EndGlobal
